// !$*UTF8*$!
{
	archiveVersion = 1;
	classes = {
	};
	objectVersion = 60;
	objects = {

/* Begin PBXBuildFile section */
		77E1C7E02A4D67EF0003F0B9 /* cuecoach Watch App.app in Embed Watch Content */ = {isa = PBXBuildFile; fileRef = 77E1C7DF2A4D67EF0003F0B9 /* cuecoach Watch App.app */; settings = {ATTRIBUTES = (RemoveHeadersOnCopy, ); }; };
		77E1C7E52A4D67EF0003F0B9 /* cuecoachApp.swift in Sources */ = {isa = PBXBuildFile; fileRef = 77E1C7E42A4D67EF0003F0B9 /* cuecoachApp.swift */; };
		77E1C7E72A4D67EF0003F0B9 /* ContentView.swift in Sources */ = {isa = PBXBuildFile; fileRef = 77E1C7E62A4D67EF0003F0B9 /* ContentView.swift */; };
		77E1C7E92A4D67F00003F0B9 /* Assets.xcassets in Resources */ = {isa = PBXBuildFile; fileRef = 77E1C7E82A4D67F00003F0B9 /* Assets.xcassets */; };
		77E1C7EC2A4D67F00003F0B9 /* Preview Assets.xcassets in Resources */ = {isa = PBXBuildFile; fileRef = 77E1C7EB2A4D67F00003F0B9 /* Preview Assets.xcassets */; };
/* End PBXBuildFile section */

/* Begin PBXContainerItemProxy section */
		77E1C7E12A4D67EF0003F0B9 /* PBXContainerItemProxy */ = {
			isa = PBXContainerItemProxy;
			containerPortal = 77E1C7D32A4D67EF0003F0B9 /* Project object */;
			proxyType = 1;
			remoteGlobalIDString = 77E1C7DE2A4D67EF0003F0B9;
			remoteInfo = "cuecoach Watch App";
		};
/* End PBXContainerItemProxy section */

/* Begin PBXCopyFilesBuildPhase section */
		77E1C7F22A4D67F00003F0B9 /* Embed Watch Content */ = {
			isa = PBXCopyFilesBuildPhase;
			buildActionMask = 2147483647;
			dstPath = "$(CONTENTS_FOLDER_PATH)/Watch";
			dstSubfolderSpec = 16;
			files = (
				77E1C7E02A4D67EF0003F0B9 /* cuecoach Watch App.app in Embed Watch Content */,
			);
			name = "Embed Watch Content";
			runOnlyForDeploymentPostprocessing = 0;
		};
/* End PBXCopyFilesBuildPhase section */

/* Begin PBXFileReference section */
		7777AA552ABD1B9B00CEAAB5 /* cuecoach Watch AppDebug.entitlements */ = {isa = PBXFileReference; lastKnownFileType = text.plist.entitlements; path = "cuecoach Watch AppDebug.entitlements"; sourceTree = "<group>"; };
		7777AA562ABD1CB000CEAAB5 /* cuecoach Watch AppRelease.entitlements */ = {isa = PBXFileReference; lastKnownFileType = text.plist.entitlements; path = "cuecoach Watch AppRelease.entitlements"; sourceTree = "<group>"; };
		77E1C7D92A4D67EF0003F0B9 /* cuecoach.app */ = {isa = PBXFileReference; explicitFileType = wrapper.application; includeInIndex = 0; path = cuecoach.app; sourceTree = BUILT_PRODUCTS_DIR; };
		77E1C7DF2A4D67EF0003F0B9 /* cuecoach Watch App.app */ = {isa = PBXFileReference; explicitFileType = wrapper.application; includeInIndex = 0; path = "cuecoach Watch App.app"; sourceTree = BUILT_PRODUCTS_DIR; };
		77E1C7E42A4D67EF0003F0B9 /* cuecoachApp.swift */ = {isa = PBXFileReference; lastKnownFileType = sourcecode.swift; path = cuecoachApp.swift; sourceTree = "<group>"; };
		77E1C7E62A4D67EF0003F0B9 /* ContentView.swift */ = {isa = PBXFileReference; lastKnownFileType = sourcecode.swift; path = ContentView.swift; sourceTree = "<group>"; };
		77E1C7E82A4D67F00003F0B9 /* Assets.xcassets */ = {isa = PBXFileReference; lastKnownFileType = folder.assetcatalog; path = Assets.xcassets; sourceTree = "<group>"; };
		77E1C7EB2A4D67F00003F0B9 /* Preview Assets.xcassets */ = {isa = PBXFileReference; lastKnownFileType = folder.assetcatalog; path = "Preview Assets.xcassets"; sourceTree = "<group>"; };
/* End PBXFileReference section */

/* Begin PBXFrameworksBuildPhase section */
		77E1C7DC2A4D67EF0003F0B9 /* Frameworks */ = {
			isa = PBXFrameworksBuildPhase;
			buildActionMask = 2147483647;
			files = (
			);
			runOnlyForDeploymentPostprocessing = 0;
		};
/* End PBXFrameworksBuildPhase section */

/* Begin PBXGroup section */
		77E1C7D22A4D67EF0003F0B9 = {
			isa = PBXGroup;
			children = (
				77E1C7E32A4D67EF0003F0B9 /* cuecoach Watch App */,
				77E1C7DA2A4D67EF0003F0B9 /* Products */,
			);
			sourceTree = "<group>";
		};
		77E1C7DA2A4D67EF0003F0B9 /* Products */ = {
			isa = PBXGroup;
			children = (
				77E1C7D92A4D67EF0003F0B9 /* cuecoach.app */,
				77E1C7DF2A4D67EF0003F0B9 /* cuecoach Watch App.app */,
			);
			name = Products;
			sourceTree = "<group>";
		};
		77E1C7E32A4D67EF0003F0B9 /* cuecoach Watch App */ = {
			isa = PBXGroup;
			children = (
				7777AA552ABD1B9B00CEAAB5 /* cuecoach Watch AppDebug.entitlements */,
				7777AA562ABD1CB000CEAAB5 /* cuecoach Watch AppRelease.entitlements */,
				77E1C7E42A4D67EF0003F0B9 /* cuecoachApp.swift */,
				77E1C7E62A4D67EF0003F0B9 /* ContentView.swift */,
				77E1C7E82A4D67F00003F0B9 /* Assets.xcassets */,
				77E1C7EA2A4D67F00003F0B9 /* Preview Content */,
			);
			path = "cuecoach Watch App";
			sourceTree = "<group>";
		};
		77E1C7EA2A4D67F00003F0B9 /* Preview Content */ = {
			isa = PBXGroup;
			children = (
				77E1C7EB2A4D67F00003F0B9 /* Preview Assets.xcassets */,
			);
			path = "Preview Content";
			sourceTree = "<group>";
		};
/* End PBXGroup section */

/* Begin PBXNativeTarget section */
		77E1C7D82A4D67EF0003F0B9 /* cuecoach */ = {
			isa = PBXNativeTarget;
			buildConfigurationList = 77E1C7F32A4D67F00003F0B9 /* Build configuration list for PBXNativeTarget "cuecoach" */;
			buildPhases = (
				77E1C7D72A4D67EF0003F0B9 /* Resources */,
				77E1C7F22A4D67F00003F0B9 /* Embed Watch Content */,
			);
			buildRules = (
			);
			dependencies = (
				77E1C7E22A4D67EF0003F0B9 /* PBXTargetDependency */,
			);
			name = cuecoach;
			productName = cuecoach;
			productReference = 77E1C7D92A4D67EF0003F0B9 /* cuecoach.app */;
			productType = "com.apple.product-type.application.watchapp2-container";
		};
		77E1C7DE2A4D67EF0003F0B9 /* cuecoach Watch App */ = {
			isa = PBXNativeTarget;
			buildConfigurationList = 77E1C7EF2A4D67F00003F0B9 /* Build configuration list for PBXNativeTarget "cuecoach Watch App" */;
			buildPhases = (
				77E1C7DB2A4D67EF0003F0B9 /* Sources */,
				77E1C7DC2A4D67EF0003F0B9 /* Frameworks */,
				77E1C7DD2A4D67EF0003F0B9 /* Resources */,
			);
			buildRules = (
			);
			dependencies = (
			);
			name = "cuecoach Watch App";
			productName = "cuecoach Watch App";
			productReference = 77E1C7DF2A4D67EF0003F0B9 /* cuecoach Watch App.app */;
			productType = "com.apple.product-type.application";
		};
/* End PBXNativeTarget section */

/* Begin PBXProject section */
		77E1C7D32A4D67EF0003F0B9 /* Project object */ = {
			isa = PBXProject;
			attributes = {
				BuildIndependentTargetsInParallel = 1;
				LastSwiftUpdateCheck = 1500;
				LastUpgradeCheck = 1500;
				TargetAttributes = {
					77E1C7D82A4D67EF0003F0B9 = {
						CreatedOnToolsVersion = 15.0;
					};
					77E1C7DE2A4D67EF0003F0B9 = {
						CreatedOnToolsVersion = 15.0;
					};
				};
			};
			buildConfigurationList = 77E1C7D62A4D67EF0003F0B9 /* Build configuration list for PBXProject "cuecoach" */;
			compatibilityVersion = "Xcode 15.0";
			developmentRegion = en;
			hasScannedForEncodings = 0;
			knownRegions = (
				en,
				Base,
			);
			mainGroup = 77E1C7D22A4D67EF0003F0B9;
			productRefGroup = 77E1C7DA2A4D67EF0003F0B9 /* Products */;
			projectDirPath = "";
			projectRoot = "";
			targets = (
				77E1C7D82A4D67EF0003F0B9 /* cuecoach */,
				77E1C7DE2A4D67EF0003F0B9 /* cuecoach Watch App */,
			);
		};
/* End PBXProject section */

/* Begin PBXResourcesBuildPhase section */
		77E1C7D72A4D67EF0003F0B9 /* Resources */ = {
			isa = PBXResourcesBuildPhase;
			buildActionMask = 2147483647;
			files = (
			);
			runOnlyForDeploymentPostprocessing = 0;
		};
		77E1C7DD2A4D67EF0003F0B9 /* Resources */ = {
			isa = PBXResourcesBuildPhase;
			buildActionMask = 2147483647;
			files = (
				77E1C7EC2A4D67F00003F0B9 /* Preview Assets.xcassets in Resources */,
				77E1C7E92A4D67F00003F0B9 /* Assets.xcassets in Resources */,
			);
			runOnlyForDeploymentPostprocessing = 0;
		};
/* End PBXResourcesBuildPhase section */

/* Begin PBXSourcesBuildPhase section */
		77E1C7DB2A4D67EF0003F0B9 /* Sources */ = {
			isa = PBXSourcesBuildPhase;
			buildActionMask = 2147483647;
			files = (
				77E1C7E72A4D67EF0003F0B9 /* ContentView.swift in Sources */,
				77E1C7E52A4D67EF0003F0B9 /* cuecoachApp.swift in Sources */,
			);
			runOnlyForDeploymentPostprocessing = 0;
		};
/* End PBXSourcesBuildPhase section */

/* Begin PBXTargetDependency section */
		77E1C7E22A4D67EF0003F0B9 /* PBXTargetDependency */ = {
			isa = PBXTargetDependency;
			target = 77E1C7DE2A4D67EF0003F0B9 /* cuecoach Watch App */;
			targetProxy = 77E1C7E12A4D67EF0003F0B9 /* PBXContainerItemProxy */;
		};
/* End PBXTargetDependency section */

/* Begin XCBuildConfiguration section */
		77E1C7ED2A4D67F00003F0B9 /* Debug */ = {
			isa = XCBuildConfiguration;
			buildSettings = {
				ALWAYS_SEARCH_USER_PATHS = NO;
				ASSETCATALOG_COMPILER_GENERATE_SWIFT_ASSET_SYMBOL_EXTENSIONS = YES;
				CLANG_ANALYZER_NONNULL = YES;
				CLANG_ANALYZER_NUMBER_OBJECT_CONVERSION = YES_AGGRESSIVE;
				CLANG_CXX_LANGUAGE_STANDARD = "gnu++20";
				CLANG_ENABLE_MODULES = YES;
				CLANG_ENABLE_OBJC_ARC = YES;
				CLANG_ENABLE_OBJC_WEAK = YES;
				CLANG_WARN_BLOCK_CAPTURE_AUTORELEASING = YES;
				CLANG_WARN_BOOL_CONVERSION = YES;
				CLANG_WARN_COMMA = YES;
				CLANG_WARN_CONSTANT_CONVERSION = YES;
				CLANG_WARN_DEPRECATED_OBJC_IMPLEMENTATIONS = YES;
				CLANG_WARN_DIRECT_OBJC_ISA_USAGE = YES_ERROR;
				CLANG_WARN_DOCUMENTATION_COMMENTS = YES;
				CLANG_WARN_EMPTY_BODY = YES;
				CLANG_WARN_ENUM_CONVERSION = YES;
				CLANG_WARN_INFINITE_RECURSION = YES;
				CLANG_WARN_INT_CONVERSION = YES;
				CLANG_WARN_NON_LITERAL_NULL_CONVERSION = YES;
				CLANG_WARN_OBJC_IMPLICIT_RETAIN_SELF = YES;
				CLANG_WARN_OBJC_LITERAL_CONVERSION = YES;
				CLANG_WARN_OBJC_ROOT_CLASS = YES_ERROR;
				CLANG_WARN_QUOTED_INCLUDE_IN_FRAMEWORK_HEADER = YES;
				CLANG_WARN_RANGE_LOOP_ANALYSIS = YES;
				CLANG_WARN_STRICT_PROTOTYPES = YES;
				CLANG_WARN_SUSPICIOUS_MOVE = YES;
				CLANG_WARN_UNGUARDED_AVAILABILITY = YES_AGGRESSIVE;
				CLANG_WARN_UNREACHABLE_CODE = YES;
				CLANG_WARN__DUPLICATE_METHOD_MATCH = YES;
				COPY_PHASE_STRIP = NO;
				DEBUG_INFORMATION_FORMAT = dwarf;
				ENABLE_STRICT_OBJC_MSGSEND = YES;
				ENABLE_TESTABILITY = YES;
				ENABLE_USER_SCRIPT_SANDBOXING = YES;
				GCC_C_LANGUAGE_STANDARD = gnu17;
				GCC_DYNAMIC_NO_PIC = NO;
				GCC_NO_COMMON_BLOCKS = YES;
				GCC_OPTIMIZATION_LEVEL = 0;
				GCC_PREPROCESSOR_DEFINITIONS = (
					"DEBUG=1",
					"$(inherited)",
				);
				GCC_WARN_64_TO_32_BIT_CONVERSION = YES;
				GCC_WARN_ABOUT_RETURN_TYPE = YES_ERROR;
				GCC_WARN_UNDECLARED_SELECTOR = YES;
				GCC_WARN_UNINITIALIZED_AUTOS = YES_AGGRESSIVE;
				GCC_WARN_UNUSED_FUNCTION = YES;
				GCC_WARN_UNUSED_VARIABLE = YES;
				IPHONEOS_DEPLOYMENT_TARGET = 17.0;
				LOCALIZATION_PREFERS_STRING_CATALOGS = YES;
				MTL_ENABLE_DEBUG_INFO = INCLUDE_SOURCE;
				MTL_FAST_MATH = YES;
				ONLY_ACTIVE_ARCH = YES;
				STRIP_INSTALLED_PRODUCT = YES;
				SWIFT_ACTIVE_COMPILATION_CONDITIONS = "DEBUG $(inherited)";
				SWIFT_OPTIMIZATION_LEVEL = "-Onone";
				WATCHOS_DEPLOYMENT_TARGET = 10.0;
			};
			name = Debug;
		};
		77E1C7EE2A4D67F00003F0B9 /* Release */ = {
			isa = XCBuildConfiguration;
			buildSettings = {
				ALWAYS_SEARCH_USER_PATHS = NO;
				ASSETCATALOG_COMPILER_GENERATE_SWIFT_ASSET_SYMBOL_EXTENSIONS = YES;
				CLANG_ANALYZER_NONNULL = YES;
				CLANG_ANALYZER_NUMBER_OBJECT_CONVERSION = YES_AGGRESSIVE;
				CLANG_CXX_LANGUAGE_STANDARD = "gnu++20";
				CLANG_ENABLE_MODULES = YES;
				CLANG_ENABLE_OBJC_ARC = YES;
				CLANG_ENABLE_OBJC_WEAK = YES;
				CLANG_WARN_BLOCK_CAPTURE_AUTORELEASING = YES;
				CLANG_WARN_BOOL_CONVERSION = YES;
				CLANG_WARN_COMMA = YES;
				CLANG_WARN_CONSTANT_CONVERSION = YES;
				CLANG_WARN_DEPRECATED_OBJC_IMPLEMENTATIONS = YES;
				CLANG_WARN_DIRECT_OBJC_ISA_USAGE = YES_ERROR;
				CLANG_WARN_DOCUMENTATION_COMMENTS = YES;
				CLANG_WARN_EMPTY_BODY = YES;
				CLANG_WARN_ENUM_CONVERSION = YES;
				CLANG_WARN_INFINITE_RECURSION = YES;
				CLANG_WARN_INT_CONVERSION = YES;
				CLANG_WARN_NON_LITERAL_NULL_CONVERSION = YES;
				CLANG_WARN_OBJC_IMPLICIT_RETAIN_SELF = YES;
				CLANG_WARN_OBJC_LITERAL_CONVERSION = YES;
				CLANG_WARN_OBJC_ROOT_CLASS = YES_ERROR;
				CLANG_WARN_QUOTED_INCLUDE_IN_FRAMEWORK_HEADER = YES;
				CLANG_WARN_RANGE_LOOP_ANALYSIS = YES;
				CLANG_WARN_STRICT_PROTOTYPES = YES;
				CLANG_WARN_SUSPICIOUS_MOVE = YES;
				CLANG_WARN_UNGUARDED_AVAILABILITY = YES_AGGRESSIVE;
				CLANG_WARN_UNREACHABLE_CODE = YES;
				CLANG_WARN__DUPLICATE_METHOD_MATCH = YES;
				COPY_PHASE_STRIP = NO;
				DEBUG_INFORMATION_FORMAT = "dwarf-with-dsym";
				ENABLE_NS_ASSERTIONS = NO;
				ENABLE_STRICT_OBJC_MSGSEND = YES;
				ENABLE_USER_SCRIPT_SANDBOXING = YES;
				GCC_C_LANGUAGE_STANDARD = gnu17;
				GCC_NO_COMMON_BLOCKS = YES;
				GCC_WARN_64_TO_32_BIT_CONVERSION = YES;
				GCC_WARN_ABOUT_RETURN_TYPE = YES_ERROR;
				GCC_WARN_UNDECLARED_SELECTOR = YES;
				GCC_WARN_UNINITIALIZED_AUTOS = YES_AGGRESSIVE;
				GCC_WARN_UNUSED_FUNCTION = YES;
				GCC_WARN_UNUSED_VARIABLE = YES;
				IPHONEOS_DEPLOYMENT_TARGET = 17.0;
				LOCALIZATION_PREFERS_STRING_CATALOGS = YES;
				MTL_ENABLE_DEBUG_INFO = NO;
				MTL_FAST_MATH = YES;
				STRIP_INSTALLED_PRODUCT = YES;
				SWIFT_COMPILATION_MODE = wholemodule;
				WATCHOS_DEPLOYMENT_TARGET = 10.0;
			};
			name = Release;
		};
		77E1C7F02A4D67F00003F0B9 /* Debug */ = {
			isa = XCBuildConfiguration;
			buildSettings = {
				ASSETCATALOG_COMPILER_APPICON_NAME = AppIcon;
				ASSETCATALOG_COMPILER_GLOBAL_ACCENT_COLOR_NAME = AccentColor;
				ASSETCATALOG_COMPILER_INCLUDE_ALL_APPICON_ASSETS = YES;
				CODE_SIGN_ENTITLEMENTS = "cuecoach Watch App/cuecoach Watch AppDebug.entitlements";
				CODE_SIGN_IDENTITY = "Apple Development";
				CODE_SIGN_STYLE = Automatic;
				CURRENT_PROJECT_VERSION = 1;
				DEVELOPMENT_ASSET_PATHS = "";
				DEVELOPMENT_TEAM = VQY349B3DS;
				ENABLE_PREVIEWS = YES;
				GENERATE_INFOPLIST_FILE = YES;
				INFOPLIST_FILE = "cuecoach-Watch-App-Info.plist";
				INFOPLIST_KEY_CFBundleDisplayName = cuecoach;
				INFOPLIST_KEY_LSApplicationCategoryType = "";
				INFOPLIST_KEY_NSHealthClinicalHealthRecordsShareUsageDescription = "do you want to allow access?";
				INFOPLIST_KEY_NSHealthShareUsageDescription = "";
				INFOPLIST_KEY_NSHealthUpdateUsageDescription = "";
				INFOPLIST_KEY_NSHumanReadableCopyright = "";
				INFOPLIST_KEY_NSMotionUsageDescription = "We need the motion accelerometer data to measure your movement.";
				INFOPLIST_KEY_UISupportedInterfaceOrientations = "UIInterfaceOrientationPortrait UIInterfaceOrientationPortraitUpsideDown";
				INFOPLIST_KEY_WKWatchOnly = YES;
				LD_RUNPATH_SEARCH_PATHS = (
					"$(inherited)",
					"@executable_path/Frameworks",
				);
				MARKETING_VERSION = 1.0;
				PRODUCT_BUNDLE_IDENTIFIER = com.cuecoach.watchkitapp;
				PRODUCT_NAME = "$(TARGET_NAME)";
				SDKROOT = watchos;
				SKIP_INSTALL = YES;
				SWIFT_EMIT_LOC_STRINGS = YES;
				SWIFT_VERSION = 5.0;
				TARGETED_DEVICE_FAMILY = 4;
				WATCHOS_DEPLOYMENT_TARGET = 10.0;
			};
			name = Debug;
		};
		77E1C7F12A4D67F00003F0B9 /* Release */ = {
			isa = XCBuildConfiguration;
			buildSettings = {
				ASSETCATALOG_COMPILER_APPICON_NAME = AppIcon;
				ASSETCATALOG_COMPILER_GLOBAL_ACCENT_COLOR_NAME = AccentColor;
				ASSETCATALOG_COMPILER_INCLUDE_ALL_APPICON_ASSETS = YES;
				CODE_SIGN_ENTITLEMENTS = "cuecoach Watch App/cuecoach Watch AppRelease.entitlements";
				CODE_SIGN_IDENTITY = "Apple Development";
				CODE_SIGN_STYLE = Automatic;
				CURRENT_PROJECT_VERSION = 1;
				DEVELOPMENT_ASSET_PATHS = "";
				DEVELOPMENT_TEAM = VQY349B3DS;
				ENABLE_PREVIEWS = YES;
				GENERATE_INFOPLIST_FILE = YES;
				INFOPLIST_FILE = "cuecoach-Watch-App-Info.plist";
				INFOPLIST_KEY_CFBundleDisplayName = cuecoach;
				INFOPLIST_KEY_LSApplicationCategoryType = "";
				INFOPLIST_KEY_NSHealthClinicalHealthRecordsShareUsageDescription = "do you want to allow access?";
				INFOPLIST_KEY_NSHealthShareUsageDescription = "";
				INFOPLIST_KEY_NSHealthUpdateUsageDescription = "";
				INFOPLIST_KEY_NSHumanReadableCopyright = "";
				INFOPLIST_KEY_NSMotionUsageDescription = "We need the motion accelerometer data to measure your movement.";
				INFOPLIST_KEY_UISupportedInterfaceOrientations = "UIInterfaceOrientationPortrait UIInterfaceOrientationPortraitUpsideDown";
				INFOPLIST_KEY_WKWatchOnly = YES;
				LD_RUNPATH_SEARCH_PATHS = (
					"$(inherited)",
					"@executable_path/Frameworks",
				);
				MARKETING_VERSION = 1.0;
				PRODUCT_BUNDLE_IDENTIFIER = com.cuecoach.watchkitapp;
				PRODUCT_NAME = "$(TARGET_NAME)";
				PROVISIONING_PROFILE_SPECIFIER = "";
				SDKROOT = watchos;
				SKIP_INSTALL = YES;
				SWIFT_EMIT_LOC_STRINGS = YES;
				SWIFT_VERSION = 5.0;
				TARGETED_DEVICE_FAMILY = 4;
				VALIDATE_PRODUCT = YES;
				WATCHOS_DEPLOYMENT_TARGET = 10.0;
			};
			name = Release;
		};
		77E1C7F42A4D67F00003F0B9 /* Debug */ = {
			isa = XCBuildConfiguration;
			buildSettings = {
				ALWAYS_EMBED_SWIFT_STANDARD_LIBRARIES = YES;
				CODE_SIGN_STYLE = Automatic;
				CURRENT_PROJECT_VERSION = 1;
				DEVELOPMENT_TEAM = VQY349B3DS;
				INFOPLIST_KEY_CFBundleDisplayName = cuecoach;
				IPHONEOS_DEPLOYMENT_TARGET = 17.0;
				MARKETING_VERSION = 1.0;
				PRODUCT_BUNDLE_IDENTIFIER = com.poolaid.cuecoach;
				PRODUCT_NAME = "$(TARGET_NAME)";
				SDKROOT = iphoneos;
				SUPPORTED_PLATFORMS = "iphoneos iphonesimulator";
				SUPPORTS_MACCATALYST = NO;
				SUPPORTS_MAC_DESIGNED_FOR_IPHONE_IPAD = NO;
				SUPPORTS_XR_DESIGNED_FOR_IPHONE_IPAD = NO;
				SWIFT_VERSION = 5.0;
				TARGETED_DEVICE_FAMILY = 1;
			};
			name = Debug;
		};
		77E1C7F52A4D67F00003F0B9 /* Release */ = {
			isa = XCBuildConfiguration;
			buildSettings = {
				ALWAYS_EMBED_SWIFT_STANDARD_LIBRARIES = YES;
				CODE_SIGN_IDENTITY = "Apple Development";
				CODE_SIGN_STYLE = Automatic;
				CURRENT_PROJECT_VERSION = 1;
				DEVELOPMENT_TEAM = VQY349B3DS;
				INFOPLIST_KEY_CFBundleDisplayName = cuecoach;
				IPHONEOS_DEPLOYMENT_TARGET = 17.0;
				MARKETING_VERSION = 1.0;
				PRODUCT_BUNDLE_IDENTIFIER = com.cuecoach;
				PRODUCT_NAME = "$(TARGET_NAME)";
				PROVISIONING_PROFILE_SPECIFIER = "";
				SDKROOT = iphoneos;
				SUPPORTED_PLATFORMS = "iphoneos iphonesimulator";
				SUPPORTS_MACCATALYST = NO;
				SUPPORTS_MAC_DESIGNED_FOR_IPHONE_IPAD = NO;
				SUPPORTS_XR_DESIGNED_FOR_IPHONE_IPAD = NO;
				SWIFT_VERSION = 5.0;
				TARGETED_DEVICE_FAMILY = 1;
				VALIDATE_PRODUCT = YES;
			};
			name = Release;
		};
/* End XCBuildConfiguration section */

/* Begin XCConfigurationList section */
		77E1C7D62A4D67EF0003F0B9 /* Build configuration list for PBXProject "cuecoach" */ = {
			isa = XCConfigurationList;
			buildConfigurations = (
				77E1C7ED2A4D67F00003F0B9 /* Debug */,
				77E1C7EE2A4D67F00003F0B9 /* Release */,
			);
			defaultConfigurationIsVisible = 0;
			defaultConfigurationName = Release;
		};
		77E1C7EF2A4D67F00003F0B9 /* Build configuration list for PBXNativeTarget "cuecoach Watch App" */ = {
			isa = XCConfigurationList;
			buildConfigurations = (
				77E1C7F02A4D67F00003F0B9 /* Debug */,
				77E1C7F12A4D67F00003F0B9 /* Release */,
			);
			defaultConfigurationIsVisible = 0;
			defaultConfigurationName = Release;
		};
		77E1C7F32A4D67F00003F0B9 /* Build configuration list for PBXNativeTarget "cuecoach" */ = {
			isa = XCConfigurationList;
			buildConfigurations = (
				77E1C7F42A4D67F00003F0B9 /* Debug */,
				77E1C7F52A4D67F00003F0B9 /* Release */,
			);
			defaultConfigurationIsVisible = 0;
			defaultConfigurationName = Release;
		};
/* End XCConfigurationList section */
	};
	rootObject = 77E1C7D32A4D67EF0003F0B9 /* Project object */;
}
